// !$*UTF8*$!
{
	archiveVersion = 1;
	classes = {
	};
	objectVersion = 46;
	objects = {

/* Begin PBXBuildFile section */
		BDC552F51D3C9F9000050176 /* AppDelegate.swift in Sources */ = {isa = PBXBuildFile; fileRef = BDC552F41D3C9F9000050176 /* AppDelegate.swift */; };
		BDC552F71D3C9F9000050176 /* ViewController.swift in Sources */ = {isa = PBXBuildFile; fileRef = BDC552F61D3C9F9000050176 /* ViewController.swift */; };
		BDC552FA1D3C9F9000050176 /* Main.storyboard in Resources */ = {isa = PBXBuildFile; fileRef = BDC552F81D3C9F9000050176 /* Main.storyboard */; };
		BDC552FC1D3C9F9000050176 /* Assets.xcassets in Resources */ = {isa = PBXBuildFile; fileRef = BDC552FB1D3C9F9000050176 /* Assets.xcassets */; };
		BDC552FF1D3C9F9000050176 /* LaunchScreen.storyboard in Resources */ = {isa = PBXBuildFile; fileRef = BDC552FD1D3C9F9000050176 /* LaunchScreen.storyboard */; };
		BDC5530A1D3C9F9000050176 /* pruebaGitTests.swift in Sources */ = {isa = PBXBuildFile; fileRef = BDC553091D3C9F9000050176 /* pruebaGitTests.swift */; };
		BDC553151D3C9F9000050176 /* pruebaGitUITests.swift in Sources */ = {isa = PBXBuildFile; fileRef = BDC553141D3C9F9000050176 /* pruebaGitUITests.swift */; };
/* End PBXBuildFile section */

/* Begin PBXContainerItemProxy section */
		BDC553061D3C9F9000050176 /* PBXContainerItemProxy */ = {
			isa = PBXContainerItemProxy;
			containerPortal = BDC552E91D3C9F9000050176 /* Project object */;
			proxyType = 1;
			remoteGlobalIDString = BDC552F01D3C9F9000050176;
			remoteInfo = pruebaGit;
		};
		BDC553111D3C9F9000050176 /* PBXContainerItemProxy */ = {
			isa = PBXContainerItemProxy;
			containerPortal = BDC552E91D3C9F9000050176 /* Project object */;
			proxyType = 1;
			remoteGlobalIDString = BDC552F01D3C9F9000050176;
			remoteInfo = pruebaGit;
		};
/* End PBXContainerItemProxy section */

/* Begin PBXFileReference section */
		BDC552F11D3C9F9000050176 /* pruebaGit.app */ = {isa = PBXFileReference; explicitFileType = wrapper.application; includeInIndex = 0; path = pruebaGit.app; sourceTree = BUILT_PRODUCTS_DIR; };
		BDC552F41D3C9F9000050176 /* AppDelegate.swift */ = {isa = PBXFileReference; lastKnownFileType = sourcecode.swift; path = AppDelegate.swift; sourceTree = "<group>"; };
		BDC552F61D3C9F9000050176 /* ViewController.swift */ = {isa = PBXFileReference; lastKnownFileType = sourcecode.swift; path = ViewController.swift; sourceTree = "<group>"; };
		BDC552F91D3C9F9000050176 /* Base */ = {isa = PBXFileReference; lastKnownFileType = file.storyboard; name = Base; path = Base.lproj/Main.storyboard; sourceTree = "<group>"; };
		BDC552FB1D3C9F9000050176 /* Assets.xcassets */ = {isa = PBXFileReference; lastKnownFileType = folder.assetcatalog; path = Assets.xcassets; sourceTree = "<group>"; };
		BDC552FE1D3C9F9000050176 /* Base */ = {isa = PBXFileReference; lastKnownFileType = file.storyboard; name = Base; path = Base.lproj/LaunchScreen.storyboard; sourceTree = "<group>"; };
		BDC553001D3C9F9000050176 /* Info.plist */ = {isa = PBXFileReference; lastKnownFileType = text.plist.xml; path = Info.plist; sourceTree = "<group>"; };
		BDC553051D3C9F9000050176 /* pruebaGitTests.xctest */ = {isa = PBXFileReference; explicitFileType = wrapper.cfbundle; includeInIndex = 0; path = pruebaGitTests.xctest; sourceTree = BUILT_PRODUCTS_DIR; };
		BDC553091D3C9F9000050176 /* pruebaGitTests.swift */ = {isa = PBXFileReference; lastKnownFileType = sourcecode.swift; path = pruebaGitTests.swift; sourceTree = "<group>"; };
		BDC5530B1D3C9F9000050176 /* Info.plist */ = {isa = PBXFileReference; lastKnownFileType = text.plist.xml; path = Info.plist; sourceTree = "<group>"; };
		BDC553101D3C9F9000050176 /* pruebaGitUITests.xctest */ = {isa = PBXFileReference; explicitFileType = wrapper.cfbundle; includeInIndex = 0; path = pruebaGitUITests.xctest; sourceTree = BUILT_PRODUCTS_DIR; };
		BDC553141D3C9F9000050176 /* pruebaGitUITests.swift */ = {isa = PBXFileReference; lastKnownFileType = sourcecode.swift; path = pruebaGitUITests.swift; sourceTree = "<group>"; };
		BDC553161D3C9F9000050176 /* Info.plist */ = {isa = PBXFileReference; lastKnownFileType = text.plist.xml; path = Info.plist; sourceTree = "<group>"; };
/* End PBXFileReference section */

/* Begin PBXFrameworksBuildPhase section */
		BDC552EE1D3C9F9000050176 /* Frameworks */ = {
			isa = PBXFrameworksBuildPhase;
			buildActionMask = 2147483647;
			files = (
			);
			runOnlyForDeploymentPostprocessing = 0;
		};
		BDC553021D3C9F9000050176 /* Frameworks */ = {
			isa = PBXFrameworksBuildPhase;
			buildActionMask = 2147483647;
			files = (
			);
			runOnlyForDeploymentPostprocessing = 0;
		};
		BDC5530D1D3C9F9000050176 /* Frameworks */ = {
			isa = PBXFrameworksBuildPhase;
			buildActionMask = 2147483647;
			files = (
			);
			runOnlyForDeploymentPostprocessing = 0;
		};
/* End PBXFrameworksBuildPhase section */

/* Begin PBXGroup section */
		BDC552E81D3C9F9000050176 = {
			isa = PBXGroup;
			children = (
				BDC552F31D3C9F9000050176 /* pruebaGit */,
				BDC553081D3C9F9000050176 /* pruebaGitTests */,
				BDC553131D3C9F9000050176 /* pruebaGitUITests */,
				BDC552F21D3C9F9000050176 /* Products */,
			);
			sourceTree = "<group>";
		};
		BDC552F21D3C9F9000050176 /* Products */ = {
			isa = PBXGroup;
			children = (
				BDC552F11D3C9F9000050176 /* pruebaGit.app */,
				BDC553051D3C9F9000050176 /* pruebaGitTests.xctest */,
				BDC553101D3C9F9000050176 /* pruebaGitUITests.xctest */,
			);
			name = Products;
			sourceTree = "<group>";
		};
		BDC552F31D3C9F9000050176 /* pruebaGit */ = {
			isa = PBXGroup;
			children = (
				BDC552F41D3C9F9000050176 /* AppDelegate.swift */,
				BDC552F61D3C9F9000050176 /* ViewController.swift */,
				BDC552F81D3C9F9000050176 /* Main.storyboard */,
				BDC552FB1D3C9F9000050176 /* Assets.xcassets */,
				BDC552FD1D3C9F9000050176 /* LaunchScreen.storyboard */,
				BDC553001D3C9F9000050176 /* Info.plist */,
			);
			path = pruebaGit;
			sourceTree = "<group>";
		};
		BDC553081D3C9F9000050176 /* pruebaGitTests */ = {
			isa = PBXGroup;
			children = (
				BDC553091D3C9F9000050176 /* pruebaGitTests.swift */,
				BDC5530B1D3C9F9000050176 /* Info.plist */,
			);
			path = pruebaGitTests;
			sourceTree = "<group>";
		};
		BDC553131D3C9F9000050176 /* pruebaGitUITests */ = {
			isa = PBXGroup;
			children = (
				BDC553141D3C9F9000050176 /* pruebaGitUITests.swift */,
				BDC553161D3C9F9000050176 /* Info.plist */,
			);
			path = pruebaGitUITests;
			sourceTree = "<group>";
		};
/* End PBXGroup section */

/* Begin PBXNativeTarget section */
		BDC552F01D3C9F9000050176 /* pruebaGit */ = {
			isa = PBXNativeTarget;
			buildConfigurationList = BDC553191D3C9F9100050176 /* Build configuration list for PBXNativeTarget "pruebaGit" */;
			buildPhases = (
				BDC552ED1D3C9F9000050176 /* Sources */,
				BDC552EE1D3C9F9000050176 /* Frameworks */,
				BDC552EF1D3C9F9000050176 /* Resources */,
			);
			buildRules = (
			);
			dependencies = (
			);
			name = pruebaGit;
			productName = pruebaGit;
			productReference = BDC552F11D3C9F9000050176 /* pruebaGit.app */;
			productType = "com.apple.product-type.application";
		};
		BDC553041D3C9F9000050176 /* pruebaGitTests */ = {
			isa = PBXNativeTarget;
			buildConfigurationList = BDC5531C1D3C9F9100050176 /* Build configuration list for PBXNativeTarget "pruebaGitTests" */;
			buildPhases = (
				BDC553011D3C9F9000050176 /* Sources */,
				BDC553021D3C9F9000050176 /* Frameworks */,
				BDC553031D3C9F9000050176 /* Resources */,
			);
			buildRules = (
			);
			dependencies = (
				BDC553071D3C9F9000050176 /* PBXTargetDependency */,
			);
			name = pruebaGitTests;
			productName = pruebaGitTests;
			productReference = BDC553051D3C9F9000050176 /* pruebaGitTests.xctest */;
			productType = "com.apple.product-type.bundle.unit-test";
		};
		BDC5530F1D3C9F9000050176 /* pruebaGitUITests */ = {
			isa = PBXNativeTarget;
			buildConfigurationList = BDC5531F1D3C9F9100050176 /* Build configuration list for PBXNativeTarget "pruebaGitUITests" */;
			buildPhases = (
				BDC5530C1D3C9F9000050176 /* Sources */,
				BDC5530D1D3C9F9000050176 /* Frameworks */,
				BDC5530E1D3C9F9000050176 /* Resources */,
			);
			buildRules = (
			);
			dependencies = (
				BDC553121D3C9F9000050176 /* PBXTargetDependency */,
			);
			name = pruebaGitUITests;
			productName = pruebaGitUITests;
			productReference = BDC553101D3C9F9000050176 /* pruebaGitUITests.xctest */;
			productType = "com.apple.product-type.bundle.ui-testing";
		};
/* End PBXNativeTarget section */

/* Begin PBXProject section */
		BDC552E91D3C9F9000050176 /* Project object */ = {
			isa = PBXProject;
			attributes = {
				LastSwiftUpdateCheck = 0730;
				LastUpgradeCheck = 0730;
				ORGANIZATIONNAME = "Brayan Talavera";
				TargetAttributes = {
					BDC552F01D3C9F9000050176 = {
						CreatedOnToolsVersion = 7.3.1;
					};
					BDC553041D3C9F9000050176 = {
						CreatedOnToolsVersion = 7.3.1;
						TestTargetID = BDC552F01D3C9F9000050176;
					};
					BDC5530F1D3C9F9000050176 = {
						CreatedOnToolsVersion = 7.3.1;
						TestTargetID = BDC552F01D3C9F9000050176;
					};
				};
			};
			buildConfigurationList = BDC552EC1D3C9F9000050176 /* Build configuration list for PBXProject "pruebaGit" */;
			compatibilityVersion = "Xcode 3.2";
			developmentRegion = English;
			hasScannedForEncodings = 0;
			knownRegions = (
				en,
				Base,
			);
			mainGroup = BDC552E81D3C9F9000050176;
			productRefGroup = BDC552F21D3C9F9000050176 /* Products */;
			projectDirPath = "";
			projectRoot = "";
			targets = (
				BDC552F01D3C9F9000050176 /* pruebaGit */,
				BDC553041D3C9F9000050176 /* pruebaGitTests */,
				BDC5530F1D3C9F9000050176 /* pruebaGitUITests */,
			);
		};
/* End PBXProject section */

/* Begin PBXResourcesBuildPhase section */
		BDC552EF1D3C9F9000050176 /* Resources */ = {
			isa = PBXResourcesBuildPhase;
			buildActionMask = 2147483647;
			files = (
				BDC552FF1D3C9F9000050176 /* LaunchScreen.storyboard in Resources */,
				BDC552FC1D3C9F9000050176 /* Assets.xcassets in Resources */,
				BDC552FA1D3C9F9000050176 /* Main.storyboard in Resources */,
			);
			runOnlyForDeploymentPostprocessing = 0;
		};
		BDC553031D3C9F9000050176 /* Resources */ = {
			isa = PBXResourcesBuildPhase;
			buildActionMask = 2147483647;
			files = (
			);
			runOnlyForDeploymentPostprocessing = 0;
		};
		BDC5530E1D3C9F9000050176 /* Resources */ = {
			isa = PBXResourcesBuildPhase;
			buildActionMask = 2147483647;
			files = (
			);
			runOnlyForDeploymentPostprocessing = 0;
		};
/* End PBXResourcesBuildPhase section */

/* Begin PBXSourcesBuildPhase section */
		BDC552ED1D3C9F9000050176 /* Sources */ = {
			isa = PBXSourcesBuildPhase;
			buildActionMask = 2147483647;
			files = (
				BDC552F71D3C9F9000050176 /* ViewController.swift in Sources */,
				BDC552F51D3C9F9000050176 /* AppDelegate.swift in Sources */,
			);
			runOnlyForDeploymentPostprocessing = 0;
		};
		BDC553011D3C9F9000050176 /* Sources */ = {
			isa = PBXSourcesBuildPhase;
			buildActionMask = 2147483647;
			files = (
				BDC5530A1D3C9F9000050176 /* pruebaGitTests.swift in Sources */,
			);
			runOnlyForDeploymentPostprocessing = 0;
		};
		BDC5530C1D3C9F9000050176 /* Sources */ = {
			isa = PBXSourcesBuildPhase;
			buildActionMask = 2147483647;
			files = (
				BDC553151D3C9F9000050176 /* pruebaGitUITests.swift in Sources */,
			);
			runOnlyForDeploymentPostprocessing = 0;
		};
/* End PBXSourcesBuildPhase section */

/* Begin PBXTargetDependency section */
		BDC553071D3C9F9000050176 /* PBXTargetDependency */ = {
			isa = PBXTargetDependency;
			target = BDC552F01D3C9F9000050176 /* pruebaGit */;
			targetProxy = BDC553061D3C9F9000050176 /* PBXContainerItemProxy */;
		};
		BDC553121D3C9F9000050176 /* PBXTargetDependency */ = {
			isa = PBXTargetDependency;
			target = BDC552F01D3C9F9000050176 /* pruebaGit */;
			targetProxy = BDC553111D3C9F9000050176 /* PBXContainerItemProxy */;
		};
/* End PBXTargetDependency section */

/* Begin PBXVariantGroup section */
		BDC552F81D3C9F9000050176 /* Main.storyboard */ = {
			isa = PBXVariantGroup;
			children = (
				BDC552F91D3C9F9000050176 /* Base */,
			);
			name = Main.storyboard;
			sourceTree = "<group>";
		};
		BDC552FD1D3C9F9000050176 /* LaunchScreen.storyboard */ = {
			isa = PBXVariantGroup;
			children = (
				BDC552FE1D3C9F9000050176 /* Base */,
			);
			name = LaunchScreen.storyboard;
			sourceTree = "<group>";
		};
/* End PBXVariantGroup section */

/* Begin XCBuildConfiguration section */
		BDC553171D3C9F9000050176 /* Debug */ = {
			isa = XCBuildConfiguration;
			buildSettings = {
				ALWAYS_SEARCH_USER_PATHS = NO;
				CLANG_ANALYZER_NONNULL = YES;
				CLANG_CXX_LANGUAGE_STANDARD = "gnu++0x";
				CLANG_CXX_LIBRARY = "libc++";
				CLANG_ENABLE_MODULES = YES;
				CLANG_ENABLE_OBJC_ARC = YES;
				CLANG_WARN_BOOL_CONVERSION = YES;
				CLANG_WARN_CONSTANT_CONVERSION = YES;
				CLANG_WARN_DIRECT_OBJC_ISA_USAGE = YES_ERROR;
				CLANG_WARN_EMPTY_BODY = YES;
				CLANG_WARN_ENUM_CONVERSION = YES;
				CLANG_WARN_INT_CONVERSION = YES;
				CLANG_WARN_OBJC_ROOT_CLASS = YES_ERROR;
				CLANG_WARN_UNREACHABLE_CODE = YES;
				CLANG_WARN__DUPLICATE_METHOD_MATCH = YES;
				"CODE_SIGN_IDENTITY[sdk=iphoneos*]" = "iPhone Developer";
				COPY_PHASE_STRIP = NO;
				DEBUG_INFORMATION_FORMAT = dwarf;
				ENABLE_STRICT_OBJC_MSGSEND = YES;
				ENABLE_TESTABILITY = YES;
				GCC_C_LANGUAGE_STANDARD = gnu99;
				GCC_DYNAMIC_NO_PIC = NO;
				GCC_NO_COMMON_BLOCKS = YES;
				GCC_OPTIMIZATION_LEVEL = 0;
				GCC_PREPROCESSOR_DEFINITIONS = (
					"DEBUG=1",
					"$(inherited)",
				);
				GCC_WARN_64_TO_32_BIT_CONVERSION = YES;
				GCC_WARN_ABOUT_RETURN_TYPE = YES_ERROR;
				GCC_WARN_UNDECLARED_SELECTOR = YES;
				GCC_WARN_UNINITIALIZED_AUTOS = YES_AGGRESSIVE;
				GCC_WARN_UNUSED_FUNCTION = YES;
				GCC_WARN_UNUSED_VARIABLE = YES;
				IPHONEOS_DEPLOYMENT_TARGET = 9.3;
				MTL_ENABLE_DEBUG_INFO = YES;
				ONLY_ACTIVE_ARCH = YES;
				SDKROOT = iphoneos;
				SWIFT_OPTIMIZATION_LEVEL = "-Onone";
			};
			name = Debug;
		};
		BDC553181D3C9F9000050176 /* Release */ = {
			isa = XCBuildConfiguration;
			buildSettings = {
				ALWAYS_SEARCH_USER_PATHS = NO;
				CLANG_ANALYZER_NONNULL = YES;
				CLANG_CXX_LANGUAGE_STANDARD = "gnu++0x";
				CLANG_CXX_LIBRARY = "libc++";
				CLANG_ENABLE_MODULES = YES;
				CLANG_ENABLE_OBJC_ARC = YES;
				CLANG_WARN_BOOL_CONVERSION = YES;
				CLANG_WARN_CONSTANT_CONVERSION = YES;
				CLANG_WARN_DIRECT_OBJC_ISA_USAGE = YES_ERROR;
				CLANG_WARN_EMPTY_BODY = YES;
				CLANG_WARN_ENUM_CONVERSION = YES;
				CLANG_WARN_INT_CONVERSION = YES;
				CLANG_WARN_OBJC_ROOT_CLASS = YES_ERROR;
				CLANG_WARN_UNREACHABLE_CODE = YES;
				CLANG_WARN__DUPLICATE_METHOD_MATCH = YES;
				"CODE_SIGN_IDENTITY[sdk=iphoneos*]" = "iPhone Developer";
				COPY_PHASE_STRIP = NO;
				DEBUG_INFORMATION_FORMAT = "dwarf-with-dsym";
				ENABLE_NS_ASSERTIONS = NO;
				ENABLE_STRICT_OBJC_MSGSEND = YES;
				GCC_C_LANGUAGE_STANDARD = gnu99;
				GCC_NO_COMMON_BLOCKS = YES;
				GCC_WARN_64_TO_32_BIT_CONVERSION = YES;
				GCC_WARN_ABOUT_RETURN_TYPE = YES_ERROR;
				GCC_WARN_UNDECLARED_SELECTOR = YES;
				GCC_WARN_UNINITIALIZED_AUTOS = YES_AGGRESSIVE;
				GCC_WARN_UNUSED_FUNCTION = YES;
				GCC_WARN_UNUSED_VARIABLE = YES;
				IPHONEOS_DEPLOYMENT_TARGET = 9.3;
				MTL_ENABLE_DEBUG_INFO = NO;
				SDKROOT = iphoneos;
				VALIDATE_PRODUCT = YES;
			};
			name = Release;
		};
		BDC5531A1D3C9F9100050176 /* Debug */ = {
			isa = XCBuildConfiguration;
			buildSettings = {
				ASSETCATALOG_COMPILER_APPICON_NAME = AppIcon;
				INFOPLIST_FILE = pruebaGit/Info.plist;
				LD_RUNPATH_SEARCH_PATHS = "$(inherited) @executable_path/Frameworks";
				PRODUCT_BUNDLE_IDENTIFIER = bray.pruebaGit;
				PRODUCT_NAME = "$(TARGET_NAME)";
			};
			name = Debug;
		};
		BDC5531B1D3C9F9100050176 /* Release */ = {
			isa = XCBuildConfiguration;
			buildSettings = {
				ASSETCATALOG_COMPILER_APPICON_NAME = AppIcon;
				INFOPLIST_FILE = pruebaGit/Info.plist;
				LD_RUNPATH_SEARCH_PATHS = "$(inherited) @executable_path/Frameworks";
				PRODUCT_BUNDLE_IDENTIFIER = bray.pruebaGit;
				PRODUCT_NAME = "$(TARGET_NAME)";
			};
			name = Release;
		};
		BDC5531D1D3C9F9100050176 /* Debug */ = {
			isa = XCBuildConfiguration;
			buildSettings = {
				BUNDLE_LOADER = "$(TEST_HOST)";
				INFOPLIST_FILE = pruebaGitTests/Info.plist;
				LD_RUNPATH_SEARCH_PATHS = "$(inherited) @executable_path/Frameworks @loader_path/Frameworks";
				PRODUCT_BUNDLE_IDENTIFIER = bray.pruebaGitTests;
				PRODUCT_NAME = "$(TARGET_NAME)";
				TEST_HOST = "$(BUILT_PRODUCTS_DIR)/pruebaGit.app/pruebaGit";
			};
			name = Debug;
		};
		BDC5531E1D3C9F9100050176 /* Release */ = {
			isa = XCBuildConfiguration;
			buildSettings = {
				BUNDLE_LOADER = "$(TEST_HOST)";
				INFOPLIST_FILE = pruebaGitTests/Info.plist;
				LD_RUNPATH_SEARCH_PATHS = "$(inherited) @executable_path/Frameworks @loader_path/Frameworks";
				PRODUCT_BUNDLE_IDENTIFIER = bray.pruebaGitTests;
				PRODUCT_NAME = "$(TARGET_NAME)";
				TEST_HOST = "$(BUILT_PRODUCTS_DIR)/pruebaGit.app/pruebaGit";
			};
			name = Release;
		};
		BDC553201D3C9F9100050176 /* Debug */ = {
			isa = XCBuildConfiguration;
			buildSettings = {
				INFOPLIST_FILE = pruebaGitUITests/Info.plist;
				LD_RUNPATH_SEARCH_PATHS = "$(inherited) @executable_path/Frameworks @loader_path/Frameworks";
				PRODUCT_BUNDLE_IDENTIFIER = bray.pruebaGitUITests;
				PRODUCT_NAME = "$(TARGET_NAME)";
				TEST_TARGET_NAME = pruebaGit;
			};
			name = Debug;
		};
		BDC553211D3C9F9100050176 /* Release */ = {
			isa = XCBuildConfiguration;
			buildSettings = {
				INFOPLIST_FILE = pruebaGitUITests/Info.plist;
				LD_RUNPATH_SEARCH_PATHS = "$(inherited) @executable_path/Frameworks @loader_path/Frameworks";
				PRODUCT_BUNDLE_IDENTIFIER = bray.pruebaGitUITests;
				PRODUCT_NAME = "$(TARGET_NAME)";
				TEST_TARGET_NAME = pruebaGit;
			};
			name = Release;
		};
/* End XCBuildConfiguration section */

/* Begin XCConfigurationList section */
		BDC552EC1D3C9F9000050176 /* Build configuration list for PBXProject "pruebaGit" */ = {
			isa = XCConfigurationList;
			buildConfigurations = (
				BDC553171D3C9F9000050176 /* Debug */,
				BDC553181D3C9F9000050176 /* Release */,
			);
			defaultConfigurationIsVisible = 0;
			defaultConfigurationName = Release;
		};
		BDC553191D3C9F9100050176 /* Build configuration list for PBXNativeTarget "pruebaGit" */ = {
			isa = XCConfigurationList;
			buildConfigurations = (
				BDC5531A1D3C9F9100050176 /* Debug */,
				BDC5531B1D3C9F9100050176 /* Release */,
			);
			defaultConfigurationIsVisible = 0;
		};
		BDC5531C1D3C9F9100050176 /* Build configuration list for PBXNativeTarget "pruebaGitTests" */ = {
			isa = XCConfigurationList;
			buildConfigurations = (
				BDC5531D1D3C9F9100050176 /* Debug */,
				BDC5531E1D3C9F9100050176 /* Release */,
			);
			defaultConfigurationIsVisible = 0;
		};
		BDC5531F1D3C9F9100050176 /* Build configuration list for PBXNativeTarget "pruebaGitUITests" */ = {
			isa = XCConfigurationList;
			buildConfigurations = (
				BDC553201D3C9F9100050176 /* Debug */,
				BDC553211D3C9F9100050176 /* Release */,
			);
			defaultConfigurationIsVisible = 0;
		};
/* End XCConfigurationList section */
	};
	rootObject = BDC552E91D3C9F9000050176 /* Project object */;
}
